// !$*UTF8*$!
{
	archiveVersion = 1;
	classes = {
	};
	objectVersion = 55;
	objects = {

/* Begin PBXBuildFile section */
		056D834D2833A26300155B9B /* AppDelegate.swift in Sources */ = {isa = PBXBuildFile; fileRef = 056D834C2833A26300155B9B /* AppDelegate.swift */; };
		056D834F2833A26300155B9B /* SceneDelegate.swift in Sources */ = {isa = PBXBuildFile; fileRef = 056D834E2833A26300155B9B /* SceneDelegate.swift */; };
		056D83512833A26300155B9B /* MainViewController.swift in Sources */ = {isa = PBXBuildFile; fileRef = 056D83502833A26300155B9B /* MainViewController.swift */; };
		056D83562833A26400155B9B /* Assets.xcassets in Resources */ = {isa = PBXBuildFile; fileRef = 056D83552833A26400155B9B /* Assets.xcassets */; };
		056D83592833A26400155B9B /* LaunchScreen.storyboard in Resources */ = {isa = PBXBuildFile; fileRef = 056D83572833A26400155B9B /* LaunchScreen.storyboard */; };
		056D83642833A80600155B9B /* MovieCell.swift in Sources */ = {isa = PBXBuildFile; fileRef = 056D83632833A80600155B9B /* MovieCell.swift */; };
		056D83672833A89100155B9B /* Movie.swift in Sources */ = {isa = PBXBuildFile; fileRef = 056D83662833A89100155B9B /* Movie.swift */; };
		059729722834C334004D695D /* MovieViewController.swift in Sources */ = {isa = PBXBuildFile; fileRef = 059729712834C334004D695D /* MovieViewController.swift */; };
		059729752834C429004D695D /* MovieCardView.swift in Sources */ = {isa = PBXBuildFile; fileRef = 059729742834C429004D695D /* MovieCardView.swift */; };
		059729772834D2C9004D695D /* CommentCell.swift in Sources */ = {isa = PBXBuildFile; fileRef = 059729762834D2C9004D695D /* CommentCell.swift */; };
		0597297B2834EEA0004D695D /* Service.swift in Sources */ = {isa = PBXBuildFile; fileRef = 0597297A2834EEA0004D695D /* Service.swift */; };
		0597298A28350A86004D695D /* Endpoint.swift in Sources */ = {isa = PBXBuildFile; fileRef = 0597298928350A86004D695D /* Endpoint.swift */; };
		0597298C28350A9A004D695D /* HTTPClient.swift in Sources */ = {isa = PBXBuildFile; fileRef = 0597298B28350A9A004D695D /* HTTPClient.swift */; };
		0597298E28350AA5004D695D /* HTTPMethod.swift in Sources */ = {isa = PBXBuildFile; fileRef = 0597298D28350AA5004D695D /* HTTPMethod.swift */; };
		0597299028350AB0004D695D /* RequestError.swift in Sources */ = {isa = PBXBuildFile; fileRef = 0597298F28350AB0004D695D /* RequestError.swift */; };
		059729922835102F004D695D /* MoviesEndPoint.swift in Sources */ = {isa = PBXBuildFile; fileRef = 059729912835102F004D695D /* MoviesEndPoint.swift */; };
		372D64901CD780ABAB4D7F8A /* Pods_Movies.framework in Frameworks */ = {isa = PBXBuildFile; fileRef = 1A0E4985F07F4979A630D0CB /* Pods_Movies.framework */; };
/* End PBXBuildFile section */

/* Begin PBXFileReference section */
		056D83492833A26300155B9B /* Movies.app */ = {isa = PBXFileReference; explicitFileType = wrapper.application; includeInIndex = 0; path = Movies.app; sourceTree = BUILT_PRODUCTS_DIR; };
		056D834C2833A26300155B9B /* AppDelegate.swift */ = {isa = PBXFileReference; lastKnownFileType = sourcecode.swift; path = AppDelegate.swift; sourceTree = "<group>"; };
		056D834E2833A26300155B9B /* SceneDelegate.swift */ = {isa = PBXFileReference; lastKnownFileType = sourcecode.swift; path = SceneDelegate.swift; sourceTree = "<group>"; };
		056D83502833A26300155B9B /* MainViewController.swift */ = {isa = PBXFileReference; lastKnownFileType = sourcecode.swift; path = MainViewController.swift; sourceTree = "<group>"; };
		056D83552833A26400155B9B /* Assets.xcassets */ = {isa = PBXFileReference; lastKnownFileType = folder.assetcatalog; path = Assets.xcassets; sourceTree = "<group>"; };
		056D83582833A26400155B9B /* Base */ = {isa = PBXFileReference; lastKnownFileType = file.storyboard; name = Base; path = Base.lproj/LaunchScreen.storyboard; sourceTree = "<group>"; };
		056D835A2833A26400155B9B /* Info.plist */ = {isa = PBXFileReference; lastKnownFileType = text.plist.xml; name = Info.plist; path = "Movies/Supporting Files/Info.plist"; sourceTree = SOURCE_ROOT; };
		056D83632833A80600155B9B /* MovieCell.swift */ = {isa = PBXFileReference; lastKnownFileType = sourcecode.swift; path = MovieCell.swift; sourceTree = "<group>"; };
		056D83662833A89100155B9B /* Movie.swift */ = {isa = PBXFileReference; lastKnownFileType = sourcecode.swift; path = Movie.swift; sourceTree = "<group>"; };
		059729712834C334004D695D /* MovieViewController.swift */ = {isa = PBXFileReference; lastKnownFileType = sourcecode.swift; path = MovieViewController.swift; sourceTree = "<group>"; };
		059729742834C429004D695D /* MovieCardView.swift */ = {isa = PBXFileReference; lastKnownFileType = sourcecode.swift; path = MovieCardView.swift; sourceTree = "<group>"; };
		059729762834D2C9004D695D /* CommentCell.swift */ = {isa = PBXFileReference; lastKnownFileType = sourcecode.swift; path = CommentCell.swift; sourceTree = "<group>"; };
		0597297A2834EEA0004D695D /* Service.swift */ = {isa = PBXFileReference; lastKnownFileType = sourcecode.swift; path = Service.swift; sourceTree = "<group>"; };
		0597298928350A86004D695D /* Endpoint.swift */ = {isa = PBXFileReference; lastKnownFileType = sourcecode.swift; path = Endpoint.swift; sourceTree = "<group>"; };
		0597298B28350A9A004D695D /* HTTPClient.swift */ = {isa = PBXFileReference; lastKnownFileType = sourcecode.swift; path = HTTPClient.swift; sourceTree = "<group>"; };
		0597298D28350AA5004D695D /* HTTPMethod.swift */ = {isa = PBXFileReference; lastKnownFileType = sourcecode.swift; path = HTTPMethod.swift; sourceTree = "<group>"; };
		0597298F28350AB0004D695D /* RequestError.swift */ = {isa = PBXFileReference; lastKnownFileType = sourcecode.swift; path = RequestError.swift; sourceTree = "<group>"; };
		059729912835102F004D695D /* MoviesEndPoint.swift */ = {isa = PBXFileReference; lastKnownFileType = sourcecode.swift; path = MoviesEndPoint.swift; sourceTree = "<group>"; };
		1A0E4985F07F4979A630D0CB /* Pods_Movies.framework */ = {isa = PBXFileReference; explicitFileType = wrapper.framework; includeInIndex = 0; path = Pods_Movies.framework; sourceTree = BUILT_PRODUCTS_DIR; };
		452ADC7494940FD25420BFB9 /* Pods-Movies.release.xcconfig */ = {isa = PBXFileReference; includeInIndex = 1; lastKnownFileType = text.xcconfig; name = "Pods-Movies.release.xcconfig"; path = "Target Support Files/Pods-Movies/Pods-Movies.release.xcconfig"; sourceTree = "<group>"; };
		95C7B6357A2237E237726F08 /* Pods-Movies.debug.xcconfig */ = {isa = PBXFileReference; includeInIndex = 1; lastKnownFileType = text.xcconfig; name = "Pods-Movies.debug.xcconfig"; path = "Target Support Files/Pods-Movies/Pods-Movies.debug.xcconfig"; sourceTree = "<group>"; };
/* End PBXFileReference section */

/* Begin PBXFrameworksBuildPhase section */
		056D83462833A26300155B9B /* Frameworks */ = {
			isa = PBXFrameworksBuildPhase;
			buildActionMask = 2147483647;
			files = (
				372D64901CD780ABAB4D7F8A /* Pods_Movies.framework in Frameworks */,
			);
			runOnlyForDeploymentPostprocessing = 0;
		};
/* End PBXFrameworksBuildPhase section */

/* Begin PBXGroup section */
		056D83402833A26300155B9B = {
			isa = PBXGroup;
			children = (
				056D834B2833A26300155B9B /* Movies */,
				056D834A2833A26300155B9B /* Products */,
				B98A0688218FC5895BA9268C /* Pods */,
				2743B7768D5C412688FC072B /* Frameworks */,
			);
			sourceTree = "<group>";
		};
		056D834A2833A26300155B9B /* Products */ = {
			isa = PBXGroup;
			children = (
				056D83492833A26300155B9B /* Movies.app */,
			);
			name = Products;
			sourceTree = "<group>";
		};
		056D834B2833A26300155B9B /* Movies */ = {
			isa = PBXGroup;
			children = (
				059729792834EE27004D695D /* Networking */,
				059729732834C409004D695D /* Views */,
				056D83682833B16600155B9B /* Extensions */,
				056D83652833A88400155B9B /* Models */,
				056D83602833A29500155B9B /* ViewControllers */,
				056D83612833A2A700155B9B /* Supporting Files */,
				056D83622833A2C600155B9B /* App */,
				056D83572833A26400155B9B /* LaunchScreen.storyboard */,
			);
			path = Movies;
			sourceTree = "<group>";
		};
		056D83602833A29500155B9B /* ViewControllers */ = {
			isa = PBXGroup;
			children = (
				059729782834D9FA004D695D /* MovieVC */,
				059729702834C306004D695D /* MainVC */,
			);
			path = ViewControllers;
			sourceTree = "<group>";
		};
		056D83612833A2A700155B9B /* Supporting Files */ = {
			isa = PBXGroup;
			children = (
				056D835A2833A26400155B9B /* Info.plist */,
				056D83552833A26400155B9B /* Assets.xcassets */,
			);
			path = "Supporting Files";
			sourceTree = "<group>";
		};
		056D83622833A2C600155B9B /* App */ = {
			isa = PBXGroup;
			children = (
				056D834C2833A26300155B9B /* AppDelegate.swift */,
				056D834E2833A26300155B9B /* SceneDelegate.swift */,
			);
			path = App;
			sourceTree = "<group>";
		};
		056D83652833A88400155B9B /* Models */ = {
			isa = PBXGroup;
			children = (
				056D83662833A89100155B9B /* Movie.swift */,
			);
			path = Models;
			sourceTree = "<group>";
		};
		056D83682833B16600155B9B /* Extensions */ = {
			isa = PBXGroup;
			children = (
			);
			path = Extensions;
			sourceTree = "<group>";
		};
		059729702834C306004D695D /* MainVC */ = {
			isa = PBXGroup;
			children = (
				056D83502833A26300155B9B /* MainViewController.swift */,
				056D83632833A80600155B9B /* MovieCell.swift */,
			);
			path = MainVC;
			sourceTree = "<group>";
		};
		059729732834C409004D695D /* Views */ = {
			isa = PBXGroup;
			children = (
				059729742834C429004D695D /* MovieCardView.swift */,
			);
			path = Views;
			sourceTree = "<group>";
		};
		059729782834D9FA004D695D /* MovieVC */ = {
			isa = PBXGroup;
			children = (
				059729712834C334004D695D /* MovieViewController.swift */,
				059729762834D2C9004D695D /* CommentCell.swift */,
			);
			path = MovieVC;
			sourceTree = "<group>";
		};
		059729792834EE27004D695D /* Networking */ = {
			isa = PBXGroup;
			children = (
				0597297C2834EEC8004D695D /* Base */,
				05972988283503D7004D695D /* EndPoints */,
				0597297D2834EED0004D695D /* Services */,
			);
			path = Networking;
			sourceTree = "<group>";
		};
		0597297C2834EEC8004D695D /* Base */ = {
			isa = PBXGroup;
			children = (
				0597298928350A86004D695D /* Endpoint.swift */,
				0597298B28350A9A004D695D /* HTTPClient.swift */,
				0597298D28350AA5004D695D /* HTTPMethod.swift */,
				0597298F28350AB0004D695D /* RequestError.swift */,
			);
			path = Base;
			sourceTree = "<group>";
		};
		0597297D2834EED0004D695D /* Services */ = {
			isa = PBXGroup;
			children = (
				0597297A2834EEA0004D695D /* Service.swift */,
			);
			path = Services;
			sourceTree = "<group>";
		};
		05972988283503D7004D695D /* EndPoints */ = {
			isa = PBXGroup;
			children = (
				059729912835102F004D695D /* MoviesEndPoint.swift */,
			);
			path = EndPoints;
			sourceTree = "<group>";
		};
		2743B7768D5C412688FC072B /* Frameworks */ = {
			isa = PBXGroup;
			children = (
				1A0E4985F07F4979A630D0CB /* Pods_Movies.framework */,
			);
			name = Frameworks;
			sourceTree = "<group>";
		};
		B98A0688218FC5895BA9268C /* Pods */ = {
			isa = PBXGroup;
			children = (
				95C7B6357A2237E237726F08 /* Pods-Movies.debug.xcconfig */,
				452ADC7494940FD25420BFB9 /* Pods-Movies.release.xcconfig */,
			);
			path = Pods;
			sourceTree = "<group>";
		};
/* End PBXGroup section */

/* Begin PBXNativeTarget section */
		056D83482833A26300155B9B /* Movies */ = {
			isa = PBXNativeTarget;
			buildConfigurationList = 056D835D2833A26400155B9B /* Build configuration list for PBXNativeTarget "Movies" */;
			buildPhases = (
				2F681D17332A89F90B36899E /* [CP] Check Pods Manifest.lock */,
				056D83452833A26300155B9B /* Sources */,
				056D83462833A26300155B9B /* Frameworks */,
				056D83472833A26300155B9B /* Resources */,
				453CC8B45D81306FCCCF6304 /* [CP] Embed Pods Frameworks */,
			);
			buildRules = (
			);
			dependencies = (
			);
			name = Movies;
			productName = Movies;
			productReference = 056D83492833A26300155B9B /* Movies.app */;
			productType = "com.apple.product-type.application";
		};
/* End PBXNativeTarget section */

/* Begin PBXProject section */
		056D83412833A26300155B9B /* Project object */ = {
			isa = PBXProject;
			attributes = {
				BuildIndependentTargetsInParallel = 1;
				LastSwiftUpdateCheck = 1330;
				LastUpgradeCheck = 1330;
				TargetAttributes = {
					056D83482833A26300155B9B = {
						CreatedOnToolsVersion = 13.3.1;
					};
				};
			};
			buildConfigurationList = 056D83442833A26300155B9B /* Build configuration list for PBXProject "Movies" */;
			compatibilityVersion = "Xcode 13.0";
			developmentRegion = en;
			hasScannedForEncodings = 0;
			knownRegions = (
				en,
				Base,
			);
			mainGroup = 056D83402833A26300155B9B;
			productRefGroup = 056D834A2833A26300155B9B /* Products */;
			projectDirPath = "";
			projectRoot = "";
			targets = (
				056D83482833A26300155B9B /* Movies */,
			);
		};
/* End PBXProject section */

/* Begin PBXResourcesBuildPhase section */
		056D83472833A26300155B9B /* Resources */ = {
			isa = PBXResourcesBuildPhase;
			buildActionMask = 2147483647;
			files = (
				056D83592833A26400155B9B /* LaunchScreen.storyboard in Resources */,
				056D83562833A26400155B9B /* Assets.xcassets in Resources */,
			);
			runOnlyForDeploymentPostprocessing = 0;
		};
/* End PBXResourcesBuildPhase section */

/* Begin PBXShellScriptBuildPhase section */
		2F681D17332A89F90B36899E /* [CP] Check Pods Manifest.lock */ = {
			isa = PBXShellScriptBuildPhase;
			buildActionMask = 2147483647;
			files = (
			);
			inputFileListPaths = (
			);
			inputPaths = (
				"${PODS_PODFILE_DIR_PATH}/Podfile.lock",
				"${PODS_ROOT}/Manifest.lock",
			);
			name = "[CP] Check Pods Manifest.lock";
			outputFileListPaths = (
			);
			outputPaths = (
				"$(DERIVED_FILE_DIR)/Pods-Movies-checkManifestLockResult.txt",
			);
			runOnlyForDeploymentPostprocessing = 0;
			shellPath = /bin/sh;
			shellScript = "diff \"${PODS_PODFILE_DIR_PATH}/Podfile.lock\" \"${PODS_ROOT}/Manifest.lock\" > /dev/null\nif [ $? != 0 ] ; then\n    # print error to STDERR\n    echo \"error: The sandbox is not in sync with the Podfile.lock. Run 'pod install' or update your CocoaPods installation.\" >&2\n    exit 1\nfi\n# This output is used by Xcode 'outputs' to avoid re-running this script phase.\necho \"SUCCESS\" > \"${SCRIPT_OUTPUT_FILE_0}\"\n";
			showEnvVarsInLog = 0;
		};
		453CC8B45D81306FCCCF6304 /* [CP] Embed Pods Frameworks */ = {
			isa = PBXShellScriptBuildPhase;
			buildActionMask = 2147483647;
			files = (
			);
			inputFileListPaths = (
				"${PODS_ROOT}/Target Support Files/Pods-Movies/Pods-Movies-frameworks-${CONFIGURATION}-input-files.xcfilelist",
			);
			name = "[CP] Embed Pods Frameworks";
			outputFileListPaths = (
				"${PODS_ROOT}/Target Support Files/Pods-Movies/Pods-Movies-frameworks-${CONFIGURATION}-output-files.xcfilelist",
			);
			runOnlyForDeploymentPostprocessing = 0;
			shellPath = /bin/sh;
			shellScript = "\"${PODS_ROOT}/Target Support Files/Pods-Movies/Pods-Movies-frameworks.sh\"\n";
			showEnvVarsInLog = 0;
		};
/* End PBXShellScriptBuildPhase section */

/* Begin PBXSourcesBuildPhase section */
		056D83452833A26300155B9B /* Sources */ = {
			isa = PBXSourcesBuildPhase;
			buildActionMask = 2147483647;
			files = (
				056D83512833A26300155B9B /* MainViewController.swift in Sources */,
				056D834D2833A26300155B9B /* AppDelegate.swift in Sources */,
				056D83642833A80600155B9B /* MovieCell.swift in Sources */,
				056D834F2833A26300155B9B /* SceneDelegate.swift in Sources */,
				0597298A28350A86004D695D /* Endpoint.swift in Sources */,
				056D83672833A89100155B9B /* Movie.swift in Sources */,
				0597298C28350A9A004D695D /* HTTPClient.swift in Sources */,
				0597297B2834EEA0004D695D /* Service.swift in Sources */,
				0597298E28350AA5004D695D /* HTTPMethod.swift in Sources */,
				0597299028350AB0004D695D /* RequestError.swift in Sources */,
				059729752834C429004D695D /* MovieCardView.swift in Sources */,
				059729722834C334004D695D /* MovieViewController.swift in Sources */,
				059729772834D2C9004D695D /* CommentCell.swift in Sources */,
				059729922835102F004D695D /* MoviesEndPoint.swift in Sources */,
			);
			runOnlyForDeploymentPostprocessing = 0;
		};
/* End PBXSourcesBuildPhase section */

/* Begin PBXVariantGroup section */
		056D83572833A26400155B9B /* LaunchScreen.storyboard */ = {
			isa = PBXVariantGroup;
			children = (
				056D83582833A26400155B9B /* Base */,
			);
			name = LaunchScreen.storyboard;
			sourceTree = "<group>";
		};
/* End PBXVariantGroup section */

/* Begin XCBuildConfiguration section */
		056D835B2833A26400155B9B /* Debug */ = {
			isa = XCBuildConfiguration;
			buildSettings = {
				ALWAYS_SEARCH_USER_PATHS = NO;
				CLANG_ANALYZER_NONNULL = YES;
				CLANG_ANALYZER_NUMBER_OBJECT_CONVERSION = YES_AGGRESSIVE;
				CLANG_CXX_LANGUAGE_STANDARD = "gnu++17";
				CLANG_ENABLE_MODULES = YES;
				CLANG_ENABLE_OBJC_ARC = YES;
				CLANG_ENABLE_OBJC_WEAK = YES;
				CLANG_WARN_BLOCK_CAPTURE_AUTORELEASING = YES;
				CLANG_WARN_BOOL_CONVERSION = YES;
				CLANG_WARN_COMMA = YES;
				CLANG_WARN_CONSTANT_CONVERSION = YES;
				CLANG_WARN_DEPRECATED_OBJC_IMPLEMENTATIONS = YES;
				CLANG_WARN_DIRECT_OBJC_ISA_USAGE = YES_ERROR;
				CLANG_WARN_DOCUMENTATION_COMMENTS = YES;
				CLANG_WARN_EMPTY_BODY = YES;
				CLANG_WARN_ENUM_CONVERSION = YES;
				CLANG_WARN_INFINITE_RECURSION = YES;
				CLANG_WARN_INT_CONVERSION = YES;
				CLANG_WARN_NON_LITERAL_NULL_CONVERSION = YES;
				CLANG_WARN_OBJC_IMPLICIT_RETAIN_SELF = YES;
				CLANG_WARN_OBJC_LITERAL_CONVERSION = YES;
				CLANG_WARN_OBJC_ROOT_CLASS = YES_ERROR;
				CLANG_WARN_QUOTED_INCLUDE_IN_FRAMEWORK_HEADER = YES;
				CLANG_WARN_RANGE_LOOP_ANALYSIS = YES;
				CLANG_WARN_STRICT_PROTOTYPES = YES;
				CLANG_WARN_SUSPICIOUS_MOVE = YES;
				CLANG_WARN_UNGUARDED_AVAILABILITY = YES_AGGRESSIVE;
				CLANG_WARN_UNREACHABLE_CODE = YES;
				CLANG_WARN__DUPLICATE_METHOD_MATCH = YES;
				COPY_PHASE_STRIP = NO;
				DEBUG_INFORMATION_FORMAT = dwarf;
				ENABLE_STRICT_OBJC_MSGSEND = YES;
				ENABLE_TESTABILITY = YES;
				GCC_C_LANGUAGE_STANDARD = gnu11;
				GCC_DYNAMIC_NO_PIC = NO;
				GCC_NO_COMMON_BLOCKS = YES;
				GCC_OPTIMIZATION_LEVEL = 0;
				GCC_PREPROCESSOR_DEFINITIONS = (
					"DEBUG=1",
					"$(inherited)",
				);
				GCC_WARN_64_TO_32_BIT_CONVERSION = YES;
				GCC_WARN_ABOUT_RETURN_TYPE = YES_ERROR;
				GCC_WARN_UNDECLARED_SELECTOR = YES;
				GCC_WARN_UNINITIALIZED_AUTOS = YES_AGGRESSIVE;
				GCC_WARN_UNUSED_FUNCTION = YES;
				GCC_WARN_UNUSED_VARIABLE = YES;
				IPHONEOS_DEPLOYMENT_TARGET = 15.4;
				MTL_ENABLE_DEBUG_INFO = INCLUDE_SOURCE;
				MTL_FAST_MATH = YES;
				ONLY_ACTIVE_ARCH = YES;
				SDKROOT = iphoneos;
				SWIFT_ACTIVE_COMPILATION_CONDITIONS = DEBUG;
				SWIFT_OPTIMIZATION_LEVEL = "-Onone";
			};
			name = Debug;
		};
		056D835C2833A26400155B9B /* Release */ = {
			isa = XCBuildConfiguration;
			buildSettings = {
				ALWAYS_SEARCH_USER_PATHS = NO;
				CLANG_ANALYZER_NONNULL = YES;
				CLANG_ANALYZER_NUMBER_OBJECT_CONVERSION = YES_AGGRESSIVE;
				CLANG_CXX_LANGUAGE_STANDARD = "gnu++17";
				CLANG_ENABLE_MODULES = YES;
				CLANG_ENABLE_OBJC_ARC = YES;
				CLANG_ENABLE_OBJC_WEAK = YES;
				CLANG_WARN_BLOCK_CAPTURE_AUTORELEASING = YES;
				CLANG_WARN_BOOL_CONVERSION = YES;
				CLANG_WARN_COMMA = YES;
				CLANG_WARN_CONSTANT_CONVERSION = YES;
				CLANG_WARN_DEPRECATED_OBJC_IMPLEMENTATIONS = YES;
				CLANG_WARN_DIRECT_OBJC_ISA_USAGE = YES_ERROR;
				CLANG_WARN_DOCUMENTATION_COMMENTS = YES;
				CLANG_WARN_EMPTY_BODY = YES;
				CLANG_WARN_ENUM_CONVERSION = YES;
				CLANG_WARN_INFINITE_RECURSION = YES;
				CLANG_WARN_INT_CONVERSION = YES;
				CLANG_WARN_NON_LITERAL_NULL_CONVERSION = YES;
				CLANG_WARN_OBJC_IMPLICIT_RETAIN_SELF = YES;
				CLANG_WARN_OBJC_LITERAL_CONVERSION = YES;
				CLANG_WARN_OBJC_ROOT_CLASS = YES_ERROR;
				CLANG_WARN_QUOTED_INCLUDE_IN_FRAMEWORK_HEADER = YES;
				CLANG_WARN_RANGE_LOOP_ANALYSIS = YES;
				CLANG_WARN_STRICT_PROTOTYPES = YES;
				CLANG_WARN_SUSPICIOUS_MOVE = YES;
				CLANG_WARN_UNGUARDED_AVAILABILITY = YES_AGGRESSIVE;
				CLANG_WARN_UNREACHABLE_CODE = YES;
				CLANG_WARN__DUPLICATE_METHOD_MATCH = YES;
				COPY_PHASE_STRIP = NO;
				DEBUG_INFORMATION_FORMAT = "dwarf-with-dsym";
				ENABLE_NS_ASSERTIONS = NO;
				ENABLE_STRICT_OBJC_MSGSEND = YES;
				GCC_C_LANGUAGE_STANDARD = gnu11;
				GCC_NO_COMMON_BLOCKS = YES;
				GCC_WARN_64_TO_32_BIT_CONVERSION = YES;
				GCC_WARN_ABOUT_RETURN_TYPE = YES_ERROR;
				GCC_WARN_UNDECLARED_SELECTOR = YES;
				GCC_WARN_UNINITIALIZED_AUTOS = YES_AGGRESSIVE;
				GCC_WARN_UNUSED_FUNCTION = YES;
				GCC_WARN_UNUSED_VARIABLE = YES;
				IPHONEOS_DEPLOYMENT_TARGET = 15.4;
				MTL_ENABLE_DEBUG_INFO = NO;
				MTL_FAST_MATH = YES;
				SDKROOT = iphoneos;
				SWIFT_COMPILATION_MODE = wholemodule;
				SWIFT_OPTIMIZATION_LEVEL = "-O";
				VALIDATE_PRODUCT = YES;
			};
			name = Release;
		};
		056D835E2833A26400155B9B /* Debug */ = {
			isa = XCBuildConfiguration;
			baseConfigurationReference = 95C7B6357A2237E237726F08 /* Pods-Movies.debug.xcconfig */;
			buildSettings = {
				ASSETCATALOG_COMPILER_APPICON_NAME = AppIcon;
				ASSETCATALOG_COMPILER_GLOBAL_ACCENT_COLOR_NAME = AccentColor;
				CODE_SIGN_STYLE = Automatic;
				CURRENT_PROJECT_VERSION = 1;
				GENERATE_INFOPLIST_FILE = YES;
				INFOPLIST_FILE = "Movies/Supporting Files/Info.plist";
				INFOPLIST_KEY_UIApplicationSupportsIndirectInputEvents = YES;
				INFOPLIST_KEY_UILaunchStoryboardName = LaunchScreen;
				INFOPLIST_KEY_UISupportedInterfaceOrientations_iPad = "UIInterfaceOrientationPortrait UIInterfaceOrientationPortraitUpsideDown UIInterfaceOrientationLandscapeLeft UIInterfaceOrientationLandscapeRight";
				INFOPLIST_KEY_UISupportedInterfaceOrientations_iPhone = "UIInterfaceOrientationPortrait UIInterfaceOrientationLandscapeLeft UIInterfaceOrientationLandscapeRight";
				LD_RUNPATH_SEARCH_PATHS = (
					"$(inherited)",
					"@executable_path/Frameworks",
				);
				MARKETING_VERSION = 1.0;
				PRODUCT_BUNDLE_IDENTIFIER = zlmnv.Movies;
				PRODUCT_NAME = "$(TARGET_NAME)";
				SWIFT_EMIT_LOC_STRINGS = YES;
				SWIFT_VERSION = 5.0;
				TARGETED_DEVICE_FAMILY = 1;
			};
			name = Debug;
		};
		056D835F2833A26400155B9B /* Release */ = {
			isa = XCBuildConfiguration;
			baseConfigurationReference = 452ADC7494940FD25420BFB9 /* Pods-Movies.release.xcconfig */;
			buildSettings = {
				ASSETCATALOG_COMPILER_APPICON_NAME = AppIcon;
				ASSETCATALOG_COMPILER_GLOBAL_ACCENT_COLOR_NAME = AccentColor;
				CODE_SIGN_STYLE = Automatic;
				CURRENT_PROJECT_VERSION = 1;
				GENERATE_INFOPLIST_FILE = YES;
				INFOPLIST_FILE = "Movies/Supporting Files/Info.plist";
				INFOPLIST_KEY_UIApplicationSupportsIndirectInputEvents = YES;
				INFOPLIST_KEY_UILaunchStoryboardName = LaunchScreen;
				INFOPLIST_KEY_UISupportedInterfaceOrientations_iPad = "UIInterfaceOrientationPortrait UIInterfaceOrientationPortraitUpsideDown UIInterfaceOrientationLandscapeLeft UIInterfaceOrientationLandscapeRight";
				INFOPLIST_KEY_UISupportedInterfaceOrientations_iPhone = "UIInterfaceOrientationPortrait UIInterfaceOrientationLandscapeLeft UIInterfaceOrientationLandscapeRight";
				LD_RUNPATH_SEARCH_PATHS = (
					"$(inherited)",
					"@executable_path/Frameworks",
				);
				MARKETING_VERSION = 1.0;
				PRODUCT_BUNDLE_IDENTIFIER = zlmnv.Movies;
				PRODUCT_NAME = "$(TARGET_NAME)";
				SWIFT_EMIT_LOC_STRINGS = YES;
				SWIFT_VERSION = 5.0;
				TARGETED_DEVICE_FAMILY = 1;
			};
			name = Release;
		};
/* End XCBuildConfiguration section */

/* Begin XCConfigurationList section */
		056D83442833A26300155B9B /* Build configuration list for PBXProject "Movies" */ = {
			isa = XCConfigurationList;
			buildConfigurations = (
				056D835B2833A26400155B9B /* Debug */,
				056D835C2833A26400155B9B /* Release */,
			);
			defaultConfigurationIsVisible = 0;
			defaultConfigurationName = Release;
		};
		056D835D2833A26400155B9B /* Build configuration list for PBXNativeTarget "Movies" */ = {
			isa = XCConfigurationList;
			buildConfigurations = (
				056D835E2833A26400155B9B /* Debug */,
				056D835F2833A26400155B9B /* Release */,
			);
			defaultConfigurationIsVisible = 0;
			defaultConfigurationName = Release;
		};
/* End XCConfigurationList section */
	};
	rootObject = 056D83412833A26300155B9B /* Project object */;
}
