// !$*UTF8*$!
{
	archiveVersion = 1;
	classes = {
	};
	objectVersion = 55;
	objects = {

/* Begin PBXBuildFile section */
		05294A94283E05EC003B7959 /* UpcomingMovieListViewModel.swift in Sources */ = {isa = PBXBuildFile; fileRef = 05294A93283E05EC003B7959 /* UpcomingMovieListViewModel.swift */; };
		05294A97283E0D04003B7959 /* ImageRequest.swift in Sources */ = {isa = PBXBuildFile; fileRef = 05294A96283E0D04003B7959 /* ImageRequest.swift */; };
		052D1EDB28365B50007A9EF1 /* MovieImageEndpoint.swift in Sources */ = {isa = PBXBuildFile; fileRef = 052D1EDA28365B50007A9EF1 /* MovieImageEndpoint.swift */; };
		052D1EDF28366E2B007A9EF1 /* UIColor + ext.swift in Sources */ = {isa = PBXBuildFile; fileRef = 052D1EDE28366E2B007A9EF1 /* UIColor + ext.swift */; };
		052D1EE128366F1E007A9EF1 /* MainTableViewController.swift in Sources */ = {isa = PBXBuildFile; fileRef = 052D1EE028366F1E007A9EF1 /* MainTableViewController.swift */; };
		056C52C328375511004F764E /* ListOfMoviesViewController.swift in Sources */ = {isa = PBXBuildFile; fileRef = 056C52C228375511004F764E /* ListOfMoviesViewController.swift */; };
		056C52C528375D48004F764E /* MovieCardCell.swift in Sources */ = {isa = PBXBuildFile; fileRef = 056C52C428375D48004F764E /* MovieCardCell.swift */; };
		056C52C72837790E004F764E /* GenreCell.swift in Sources */ = {isa = PBXBuildFile; fileRef = 056C52C62837790E004F764E /* GenreCell.swift */; };
		056C52C92837C349004F764E /* UILabel + ext.swift in Sources */ = {isa = PBXBuildFile; fileRef = 056C52C82837C349004F764E /* UILabel + ext.swift */; };
		056C52CD2837DDC3004F764E /* HollyWoodActorViewController.swift in Sources */ = {isa = PBXBuildFile; fileRef = 056C52CC2837DDC3004F764E /* HollyWoodActorViewController.swift */; };
		056D834D2833A26300155B9B /* AppDelegate.swift in Sources */ = {isa = PBXBuildFile; fileRef = 056D834C2833A26300155B9B /* AppDelegate.swift */; };
		056D834F2833A26300155B9B /* SceneDelegate.swift in Sources */ = {isa = PBXBuildFile; fileRef = 056D834E2833A26300155B9B /* SceneDelegate.swift */; };
		056D83562833A26400155B9B /* Assets.xcassets in Resources */ = {isa = PBXBuildFile; fileRef = 056D83552833A26400155B9B /* Assets.xcassets */; };
		056D83592833A26400155B9B /* LaunchScreen.storyboard in Resources */ = {isa = PBXBuildFile; fileRef = 056D83572833A26400155B9B /* LaunchScreen.storyboard */; };
		056D83642833A80600155B9B /* MovieCell.swift in Sources */ = {isa = PBXBuildFile; fileRef = 056D83632833A80600155B9B /* MovieCell.swift */; };
		0587CC66283617E70055F019 /* NowPlaying.swift in Sources */ = {isa = PBXBuildFile; fileRef = 0587CC65283617E70055F019 /* NowPlaying.swift */; };
		0587CC68283618010055F019 /* Upcoming.swift in Sources */ = {isa = PBXBuildFile; fileRef = 0587CC67283618010055F019 /* Upcoming.swift */; };
		059729722834C334004D695D /* MovieDetailsViewController.swift in Sources */ = {isa = PBXBuildFile; fileRef = 059729712834C334004D695D /* MovieDetailsViewController.swift */; };
		059729772834D2C9004D695D /* ActorCastCell.swift in Sources */ = {isa = PBXBuildFile; fileRef = 059729762834D2C9004D695D /* ActorCastCell.swift */; };
		0597297B2834EEA0004D695D /* MovieService.swift in Sources */ = {isa = PBXBuildFile; fileRef = 0597297A2834EEA0004D695D /* MovieService.swift */; };
		0597298A28350A86004D695D /* Endpoint.swift in Sources */ = {isa = PBXBuildFile; fileRef = 0597298928350A86004D695D /* Endpoint.swift */; };
		0597298C28350A9A004D695D /* DataRequest.swift in Sources */ = {isa = PBXBuildFile; fileRef = 0597298B28350A9A004D695D /* DataRequest.swift */; };
		0597298E28350AA5004D695D /* RequestMethod.swift in Sources */ = {isa = PBXBuildFile; fileRef = 0597298D28350AA5004D695D /* RequestMethod.swift */; };
		0597299028350AB0004D695D /* ErrorResponse.swift in Sources */ = {isa = PBXBuildFile; fileRef = 0597298F28350AB0004D695D /* ErrorResponse.swift */; };
		059729922835102F004D695D /* MoviesEndpoint.swift in Sources */ = {isa = PBXBuildFile; fileRef = 059729912835102F004D695D /* MoviesEndpoint.swift */; };
		372D64901CD780ABAB4D7F8A /* Pods_Movies.framework in Frameworks */ = {isa = PBXBuildFile; fileRef = 1A0E4985F07F4979A630D0CB /* Pods_Movies.framework */; };
		C2342A2728369C9200E073A2 /* SubCollectionViewHScrollCell.swift in Sources */ = {isa = PBXBuildFile; fileRef = C2342A2628369C9200E073A2 /* SubCollectionViewHScrollCell.swift */; };
		C2342A292836B7E000E073A2 /* UIStackView + ext.swift in Sources */ = {isa = PBXBuildFile; fileRef = C2342A282836B7E000E073A2 /* UIStackView + ext.swift */; };
		F88433233371B0F702A14602 /* MovieCastService.swift in Sources */ = {isa = PBXBuildFile; fileRef = F8843A607829CB97E5CBA559 /* MovieCastService.swift */; };
		F88435C2883D58D93C0ADFD7 /* HollywoodActor.swift in Sources */ = {isa = PBXBuildFile; fileRef = F88437E72C1BF2ABAF79855E /* HollywoodActor.swift */; };
		F88437C9D44AE3699BDA750A /* Rating.swift in Sources */ = {isa = PBXBuildFile; fileRef = F8843E546A29E5BF026B4066 /* Rating.swift */; };
		F88438537F5BB80377CCA20C /* Movie.swift in Sources */ = {isa = PBXBuildFile; fileRef = F884306CDD71621D453B75EB /* Movie.swift */; };
		F8843921A39E26175E0A6994 /* UpcomingMovieViewModel.swift in Sources */ = {isa = PBXBuildFile; fileRef = F8843F5508A03774EA553A52 /* UpcomingMovieViewModel.swift */; };
		F8843D72E989DA56EDD9CDA0 /* ImageService.swift in Sources */ = {isa = PBXBuildFile; fileRef = F8843BC75D1C726F9890A6A2 /* ImageService.swift */; };
		F8843EF63237797A11CDC5D1 /* Cast.swift in Sources */ = {isa = PBXBuildFile; fileRef = F88432E8DAB487E1A6EA2BB2 /* Cast.swift */; };
/* End PBXBuildFile section */

/* Begin PBXFileReference section */
		05294A93283E05EC003B7959 /* UpcomingMovieListViewModel.swift */ = {isa = PBXFileReference; lastKnownFileType = sourcecode.swift; path = UpcomingMovieListViewModel.swift; sourceTree = "<group>"; };
		05294A96283E0D04003B7959 /* ImageRequest.swift */ = {isa = PBXFileReference; lastKnownFileType = sourcecode.swift; path = ImageRequest.swift; sourceTree = "<group>"; };
		052D1EDA28365B50007A9EF1 /* MovieImageEndpoint.swift */ = {isa = PBXFileReference; lastKnownFileType = sourcecode.swift; path = MovieImageEndpoint.swift; sourceTree = "<group>"; };
		052D1EDE28366E2B007A9EF1 /* UIColor + ext.swift */ = {isa = PBXFileReference; lastKnownFileType = sourcecode.swift; path = "UIColor + ext.swift"; sourceTree = "<group>"; };
		052D1EE028366F1E007A9EF1 /* MainTableViewController.swift */ = {isa = PBXFileReference; lastKnownFileType = sourcecode.swift; path = MainTableViewController.swift; sourceTree = "<group>"; };
		056C52C228375511004F764E /* ListOfMoviesViewController.swift */ = {isa = PBXFileReference; lastKnownFileType = sourcecode.swift; path = ListOfMoviesViewController.swift; sourceTree = "<group>"; };
		056C52C428375D48004F764E /* MovieCardCell.swift */ = {isa = PBXFileReference; lastKnownFileType = sourcecode.swift; path = MovieCardCell.swift; sourceTree = "<group>"; };
		056C52C62837790E004F764E /* GenreCell.swift */ = {isa = PBXFileReference; lastKnownFileType = sourcecode.swift; path = GenreCell.swift; sourceTree = "<group>"; };
		056C52C82837C349004F764E /* UILabel + ext.swift */ = {isa = PBXFileReference; lastKnownFileType = sourcecode.swift; path = "UILabel + ext.swift"; sourceTree = "<group>"; };
		056C52CC2837DDC3004F764E /* HollyWoodActorViewController.swift */ = {isa = PBXFileReference; lastKnownFileType = sourcecode.swift; path = HollyWoodActorViewController.swift; sourceTree = "<group>"; };
		056D83492833A26300155B9B /* Movies.app */ = {isa = PBXFileReference; explicitFileType = wrapper.application; includeInIndex = 0; path = Movies.app; sourceTree = BUILT_PRODUCTS_DIR; };
		056D834C2833A26300155B9B /* AppDelegate.swift */ = {isa = PBXFileReference; lastKnownFileType = sourcecode.swift; path = AppDelegate.swift; sourceTree = "<group>"; };
		056D834E2833A26300155B9B /* SceneDelegate.swift */ = {isa = PBXFileReference; lastKnownFileType = sourcecode.swift; path = SceneDelegate.swift; sourceTree = "<group>"; };
		056D83552833A26400155B9B /* Assets.xcassets */ = {isa = PBXFileReference; lastKnownFileType = folder.assetcatalog; path = Assets.xcassets; sourceTree = "<group>"; };
		056D83582833A26400155B9B /* Base */ = {isa = PBXFileReference; lastKnownFileType = file.storyboard; name = Base; path = Base.lproj/LaunchScreen.storyboard; sourceTree = "<group>"; };
		056D835A2833A26400155B9B /* Info.plist */ = {isa = PBXFileReference; lastKnownFileType = text.plist.xml; name = Info.plist; path = "Movies/Supporting Files/Info.plist"; sourceTree = SOURCE_ROOT; };
		056D83632833A80600155B9B /* MovieCell.swift */ = {isa = PBXFileReference; lastKnownFileType = sourcecode.swift; path = MovieCell.swift; sourceTree = "<group>"; };
		0587CC65283617E70055F019 /* NowPlaying.swift */ = {isa = PBXFileReference; lastKnownFileType = sourcecode.swift; path = NowPlaying.swift; sourceTree = "<group>"; };
		0587CC67283618010055F019 /* Upcoming.swift */ = {isa = PBXFileReference; lastKnownFileType = sourcecode.swift; path = Upcoming.swift; sourceTree = "<group>"; };
		059729712834C334004D695D /* MovieDetailsViewController.swift */ = {isa = PBXFileReference; lastKnownFileType = sourcecode.swift; path = MovieDetailsViewController.swift; sourceTree = "<group>"; };
		059729762834D2C9004D695D /* ActorCastCell.swift */ = {isa = PBXFileReference; lastKnownFileType = sourcecode.swift; path = ActorCastCell.swift; sourceTree = "<group>"; };
		0597297A2834EEA0004D695D /* MovieService.swift */ = {isa = PBXFileReference; lastKnownFileType = sourcecode.swift; path = MovieService.swift; sourceTree = "<group>"; };
		0597298928350A86004D695D /* Endpoint.swift */ = {isa = PBXFileReference; lastKnownFileType = sourcecode.swift; path = Endpoint.swift; sourceTree = "<group>"; };
		0597298B28350A9A004D695D /* DataRequest.swift */ = {isa = PBXFileReference; lastKnownFileType = sourcecode.swift; path = DataRequest.swift; sourceTree = "<group>"; };
		0597298D28350AA5004D695D /* RequestMethod.swift */ = {isa = PBXFileReference; lastKnownFileType = sourcecode.swift; path = RequestMethod.swift; sourceTree = "<group>"; };
		0597298F28350AB0004D695D /* ErrorResponse.swift */ = {isa = PBXFileReference; lastKnownFileType = sourcecode.swift; path = ErrorResponse.swift; sourceTree = "<group>"; };
		059729912835102F004D695D /* MoviesEndpoint.swift */ = {isa = PBXFileReference; lastKnownFileType = sourcecode.swift; path = MoviesEndpoint.swift; sourceTree = "<group>"; };
		1A0E4985F07F4979A630D0CB /* Pods_Movies.framework */ = {isa = PBXFileReference; explicitFileType = wrapper.framework; includeInIndex = 0; path = Pods_Movies.framework; sourceTree = BUILT_PRODUCTS_DIR; };
		452ADC7494940FD25420BFB9 /* Pods-Movies.release.xcconfig */ = {isa = PBXFileReference; includeInIndex = 1; lastKnownFileType = text.xcconfig; name = "Pods-Movies.release.xcconfig"; path = "Target Support Files/Pods-Movies/Pods-Movies.release.xcconfig"; sourceTree = "<group>"; };
		95C7B6357A2237E237726F08 /* Pods-Movies.debug.xcconfig */ = {isa = PBXFileReference; includeInIndex = 1; lastKnownFileType = text.xcconfig; name = "Pods-Movies.debug.xcconfig"; path = "Target Support Files/Pods-Movies/Pods-Movies.debug.xcconfig"; sourceTree = "<group>"; };
		C2342A2628369C9200E073A2 /* SubCollectionViewHScrollCell.swift */ = {isa = PBXFileReference; lastKnownFileType = sourcecode.swift; path = SubCollectionViewHScrollCell.swift; sourceTree = "<group>"; };
		C2342A282836B7E000E073A2 /* UIStackView + ext.swift */ = {isa = PBXFileReference; lastKnownFileType = sourcecode.swift; path = "UIStackView + ext.swift"; sourceTree = "<group>"; };
		F884306CDD71621D453B75EB /* Movie.swift */ = {isa = PBXFileReference; fileEncoding = 4; lastKnownFileType = sourcecode.swift; path = Movie.swift; sourceTree = "<group>"; };
		F88432E8DAB487E1A6EA2BB2 /* Cast.swift */ = {isa = PBXFileReference; fileEncoding = 4; lastKnownFileType = sourcecode.swift; path = Cast.swift; sourceTree = "<group>"; };
		F88437E72C1BF2ABAF79855E /* HollywoodActor.swift */ = {isa = PBXFileReference; fileEncoding = 4; lastKnownFileType = sourcecode.swift; path = HollywoodActor.swift; sourceTree = "<group>"; };
		F8843A607829CB97E5CBA559 /* MovieCastService.swift */ = {isa = PBXFileReference; fileEncoding = 4; lastKnownFileType = sourcecode.swift; path = MovieCastService.swift; sourceTree = "<group>"; };
		F8843BC75D1C726F9890A6A2 /* ImageService.swift */ = {isa = PBXFileReference; fileEncoding = 4; lastKnownFileType = sourcecode.swift; path = ImageService.swift; sourceTree = "<group>"; };
		F8843E546A29E5BF026B4066 /* Rating.swift */ = {isa = PBXFileReference; fileEncoding = 4; lastKnownFileType = sourcecode.swift; path = Rating.swift; sourceTree = "<group>"; };
		F8843F5508A03774EA553A52 /* UpcomingMovieViewModel.swift */ = {isa = PBXFileReference; fileEncoding = 4; lastKnownFileType = sourcecode.swift; path = UpcomingMovieViewModel.swift; sourceTree = "<group>"; };
/* End PBXFileReference section */

/* Begin PBXFrameworksBuildPhase section */
		056D83462833A26300155B9B /* Frameworks */ = {
			isa = PBXFrameworksBuildPhase;
			buildActionMask = 2147483647;
			files = (
				372D64901CD780ABAB4D7F8A /* Pods_Movies.framework in Frameworks */,
			);
			runOnlyForDeploymentPostprocessing = 0;
		};
/* End PBXFrameworksBuildPhase section */

/* Begin PBXGroup section */
		05294A92283E05AE003B7959 /* ViewModels */ = {
			isa = PBXGroup;
			children = (
				05294A93283E05EC003B7959 /* UpcomingMovieListViewModel.swift */,
				F8843F5508A03774EA553A52 /* UpcomingMovieViewModel.swift */,
			);
			path = ViewModels;
			sourceTree = "<group>";
		};
		05294A95283E0CF3003B7959 /* Requests */ = {
			isa = PBXGroup;
			children = (
				0597298B28350A9A004D695D /* DataRequest.swift */,
				05294A96283E0D04003B7959 /* ImageRequest.swift */,
			);
			path = Requests;
			sourceTree = "<group>";
		};
		056C52BF28374FFE004F764E /* HollywoodActorVC */ = {
			isa = PBXGroup;
			children = (
				056C52CC2837DDC3004F764E /* HollyWoodActorViewController.swift */,
			);
			path = HollywoodActorVC;
			sourceTree = "<group>";
		};
		056C52C0283754D4004F764E /* ListOfMoviesVC */ = {
			isa = PBXGroup;
			children = (
				056C52C228375511004F764E /* ListOfMoviesViewController.swift */,
				056C52C428375D48004F764E /* MovieCardCell.swift */,
				056C52C62837790E004F764E /* GenreCell.swift */,
			);
			path = ListOfMoviesVC;
			sourceTree = "<group>";
		};
		056D83402833A26300155B9B = {
			isa = PBXGroup;
			children = (
				056D834B2833A26300155B9B /* Movies */,
				056D834A2833A26300155B9B /* Products */,
				B98A0688218FC5895BA9268C /* Pods */,
				2743B7768D5C412688FC072B /* Frameworks */,
			);
			sourceTree = "<group>";
		};
		056D834A2833A26300155B9B /* Products */ = {
			isa = PBXGroup;
			children = (
				056D83492833A26300155B9B /* Movies.app */,
			);
			name = Products;
			sourceTree = "<group>";
		};
		056D834B2833A26300155B9B /* Movies */ = {
			isa = PBXGroup;
			children = (
				05294A92283E05AE003B7959 /* ViewModels */,
				056D83652833A88400155B9B /* Models */,
				059729792834EE27004D695D /* Networking */,
				056D83682833B16600155B9B /* Extensions */,
				056D83602833A29500155B9B /* ViewControllers */,
				056D83612833A2A700155B9B /* Supporting Files */,
				056D83622833A2C600155B9B /* App */,
				056D83572833A26400155B9B /* LaunchScreen.storyboard */,
			);
			path = Movies;
			sourceTree = "<group>";
		};
		056D83602833A29500155B9B /* ViewControllers */ = {
			isa = PBXGroup;
			children = (
				059729702834C306004D695D /* MainVC */,
				056C52C0283754D4004F764E /* ListOfMoviesVC */,
				059729782834D9FA004D695D /* MovieDetailsVC */,
				056C52BF28374FFE004F764E /* HollywoodActorVC */,
			);
			path = ViewControllers;
			sourceTree = "<group>";
		};
		056D83612833A2A700155B9B /* Supporting Files */ = {
			isa = PBXGroup;
			children = (
				056D835A2833A26400155B9B /* Info.plist */,
				056D83552833A26400155B9B /* Assets.xcassets */,
			);
			path = "Supporting Files";
			sourceTree = "<group>";
		};
		056D83622833A2C600155B9B /* App */ = {
			isa = PBXGroup;
			children = (
				056D834C2833A26300155B9B /* AppDelegate.swift */,
				056D834E2833A26300155B9B /* SceneDelegate.swift */,
			);
			path = App;
			sourceTree = "<group>";
		};
		056D83652833A88400155B9B /* Models */ = {
			isa = PBXGroup;
			children = (
				0587CC65283617E70055F019 /* NowPlaying.swift */,
				0587CC67283618010055F019 /* Upcoming.swift */,
				F88436EF98E8571D12FC54ED /* Movie */,
				F88438901DF75A8E016374B5 /* Cast */,
			);
			path = Models;
			sourceTree = "<group>";
		};
		056D83682833B16600155B9B /* Extensions */ = {
			isa = PBXGroup;
			children = (
				052D1EDE28366E2B007A9EF1 /* UIColor + ext.swift */,
				C2342A282836B7E000E073A2 /* UIStackView + ext.swift */,
				056C52C82837C349004F764E /* UILabel + ext.swift */,
			);
			path = Extensions;
			sourceTree = "<group>";
		};
		059729702834C306004D695D /* MainVC */ = {
			isa = PBXGroup;
			children = (
				052D1EE028366F1E007A9EF1 /* MainTableViewController.swift */,
				C2342A2628369C9200E073A2 /* SubCollectionViewHScrollCell.swift */,
				056D83632833A80600155B9B /* MovieCell.swift */,
			);
			path = MainVC;
			sourceTree = "<group>";
		};
		059729782834D9FA004D695D /* MovieDetailsVC */ = {
			isa = PBXGroup;
			children = (
				059729712834C334004D695D /* MovieDetailsViewController.swift */,
				059729762834D2C9004D695D /* ActorCastCell.swift */,
			);
			path = MovieDetailsVC;
			sourceTree = "<group>";
		};
		059729792834EE27004D695D /* Networking */ = {
			isa = PBXGroup;
			children = (
				0597297C2834EEC8004D695D /* Base */,
				05972988283503D7004D695D /* EndPoints */,
				0597297D2834EED0004D695D /* Services */,
			);
			path = Networking;
			sourceTree = "<group>";
		};
		0597297C2834EEC8004D695D /* Base */ = {
			isa = PBXGroup;
			children = (
				05294A95283E0CF3003B7959 /* Requests */,
				0597298928350A86004D695D /* Endpoint.swift */,
				0597298D28350AA5004D695D /* RequestMethod.swift */,
				0597298F28350AB0004D695D /* ErrorResponse.swift */,
			);
			path = Base;
			sourceTree = "<group>";
		};
		0597297D2834EED0004D695D /* Services */ = {
			isa = PBXGroup;
			children = (
				0597297A2834EEA0004D695D /* MovieService.swift */,
				F8843BC75D1C726F9890A6A2 /* ImageService.swift */,
				F8843A607829CB97E5CBA559 /* MovieCastService.swift */,
			);
			path = Services;
			sourceTree = "<group>";
		};
		05972988283503D7004D695D /* EndPoints */ = {
			isa = PBXGroup;
			children = (
				059729912835102F004D695D /* MoviesEndpoint.swift */,
				052D1EDA28365B50007A9EF1 /* MovieImageEndpoint.swift */,
			);
			path = EndPoints;
			sourceTree = "<group>";
		};
		2743B7768D5C412688FC072B /* Frameworks */ = {
			isa = PBXGroup;
			children = (
				1A0E4985F07F4979A630D0CB /* Pods_Movies.framework */,
			);
			name = Frameworks;
			sourceTree = "<group>";
		};
		B98A0688218FC5895BA9268C /* Pods */ = {
			isa = PBXGroup;
			children = (
				95C7B6357A2237E237726F08 /* Pods-Movies.debug.xcconfig */,
				452ADC7494940FD25420BFB9 /* Pods-Movies.release.xcconfig */,
			);
			path = Pods;
			sourceTree = "<group>";
		};
		F88436EF98E8571D12FC54ED /* Movie */ = {
			isa = PBXGroup;
			children = (
				F884306CDD71621D453B75EB /* Movie.swift */,
				F8843E546A29E5BF026B4066 /* Rating.swift */,
			);
			path = Movie;
			sourceTree = "<group>";
		};
		F88438901DF75A8E016374B5 /* Cast */ = {
			isa = PBXGroup;
			children = (
				F88432E8DAB487E1A6EA2BB2 /* Cast.swift */,
				F88437E72C1BF2ABAF79855E /* HollywoodActor.swift */,
			);
			path = Cast;
			sourceTree = "<group>";
		};
/* End PBXGroup section */

/* Begin PBXNativeTarget section */
		056D83482833A26300155B9B /* Movies */ = {
			isa = PBXNativeTarget;
			buildConfigurationList = 056D835D2833A26400155B9B /* Build configuration list for PBXNativeTarget "Movies" */;
			buildPhases = (
				2F681D17332A89F90B36899E /* [CP] Check Pods Manifest.lock */,
				056D83452833A26300155B9B /* Sources */,
				056D83462833A26300155B9B /* Frameworks */,
				056D83472833A26300155B9B /* Resources */,
				453CC8B45D81306FCCCF6304 /* [CP] Embed Pods Frameworks */,
			);
			buildRules = (
			);
			dependencies = (
			);
			name = Movies;
			productName = Movies;
			productReference = 056D83492833A26300155B9B /* Movies.app */;
			productType = "com.apple.product-type.application";
		};
/* End PBXNativeTarget section */

/* Begin PBXProject section */
		056D83412833A26300155B9B /* Project object */ = {
			isa = PBXProject;
			attributes = {
				BuildIndependentTargetsInParallel = 1;
				LastSwiftUpdateCheck = 1330;
				LastUpgradeCheck = 1330;
				TargetAttributes = {
					056D83482833A26300155B9B = {
						CreatedOnToolsVersion = 13.3.1;
					};
				};
			};
			buildConfigurationList = 056D83442833A26300155B9B /* Build configuration list for PBXProject "Movies" */;
			compatibilityVersion = "Xcode 13.0";
			developmentRegion = en;
			hasScannedForEncodings = 0;
			knownRegions = (
				en,
				Base,
			);
			mainGroup = 056D83402833A26300155B9B;
			productRefGroup = 056D834A2833A26300155B9B /* Products */;
			projectDirPath = "";
			projectRoot = "";
			targets = (
				056D83482833A26300155B9B /* Movies */,
			);
		};
/* End PBXProject section */

/* Begin PBXResourcesBuildPhase section */
		056D83472833A26300155B9B /* Resources */ = {
			isa = PBXResourcesBuildPhase;
			buildActionMask = 2147483647;
			files = (
				056D83592833A26400155B9B /* LaunchScreen.storyboard in Resources */,
				056D83562833A26400155B9B /* Assets.xcassets in Resources */,
			);
			runOnlyForDeploymentPostprocessing = 0;
		};
/* End PBXResourcesBuildPhase section */

/* Begin PBXShellScriptBuildPhase section */
		2F681D17332A89F90B36899E /* [CP] Check Pods Manifest.lock */ = {
			isa = PBXShellScriptBuildPhase;
			buildActionMask = 2147483647;
			files = (
			);
			inputFileListPaths = (
			);
			inputPaths = (
				"${PODS_PODFILE_DIR_PATH}/Podfile.lock",
				"${PODS_ROOT}/Manifest.lock",
			);
			name = "[CP] Check Pods Manifest.lock";
			outputFileListPaths = (
			);
			outputPaths = (
				"$(DERIVED_FILE_DIR)/Pods-Movies-checkManifestLockResult.txt",
			);
			runOnlyForDeploymentPostprocessing = 0;
			shellPath = /bin/sh;
			shellScript = "diff \"${PODS_PODFILE_DIR_PATH}/Podfile.lock\" \"${PODS_ROOT}/Manifest.lock\" > /dev/null\nif [ $? != 0 ] ; then\n    # print error to STDERR\n    echo \"error: The sandbox is not in sync with the Podfile.lock. Run 'pod install' or update your CocoaPods installation.\" >&2\n    exit 1\nfi\n# This output is used by Xcode 'outputs' to avoid re-running this script phase.\necho \"SUCCESS\" > \"${SCRIPT_OUTPUT_FILE_0}\"\n";
			showEnvVarsInLog = 0;
		};
		453CC8B45D81306FCCCF6304 /* [CP] Embed Pods Frameworks */ = {
			isa = PBXShellScriptBuildPhase;
			buildActionMask = 2147483647;
			files = (
			);
			inputFileListPaths = (
				"${PODS_ROOT}/Target Support Files/Pods-Movies/Pods-Movies-frameworks-${CONFIGURATION}-input-files.xcfilelist",
			);
			name = "[CP] Embed Pods Frameworks";
			outputFileListPaths = (
				"${PODS_ROOT}/Target Support Files/Pods-Movies/Pods-Movies-frameworks-${CONFIGURATION}-output-files.xcfilelist",
			);
			runOnlyForDeploymentPostprocessing = 0;
			shellPath = /bin/sh;
			shellScript = "\"${PODS_ROOT}/Target Support Files/Pods-Movies/Pods-Movies-frameworks.sh\"\n";
			showEnvVarsInLog = 0;
		};
/* End PBXShellScriptBuildPhase section */

/* Begin PBXSourcesBuildPhase section */
		056D83452833A26300155B9B /* Sources */ = {
			isa = PBXSourcesBuildPhase;
			buildActionMask = 2147483647;
			files = (
				056C52CD2837DDC3004F764E /* HollyWoodActorViewController.swift in Sources */,
				056C52C92837C349004F764E /* UILabel + ext.swift in Sources */,
				052D1EDF28366E2B007A9EF1 /* UIColor + ext.swift in Sources */,
				056D834D2833A26300155B9B /* AppDelegate.swift in Sources */,
				056D83642833A80600155B9B /* MovieCell.swift in Sources */,
				05294A94283E05EC003B7959 /* UpcomingMovieListViewModel.swift in Sources */,
				C2342A292836B7E000E073A2 /* UIStackView + ext.swift in Sources */,
				056D834F2833A26300155B9B /* SceneDelegate.swift in Sources */,
				056C52C328375511004F764E /* ListOfMoviesViewController.swift in Sources */,
				052D1EDB28365B50007A9EF1 /* MovieImageEndpoint.swift in Sources */,
				0597298A28350A86004D695D /* Endpoint.swift in Sources */,
				C2342A2728369C9200E073A2 /* SubCollectionViewHScrollCell.swift in Sources */,
				0597298C28350A9A004D695D /* DataRequest.swift in Sources */,
				056C52C72837790E004F764E /* GenreCell.swift in Sources */,
				0597297B2834EEA0004D695D /* MovieService.swift in Sources */,
				05294A97283E0D04003B7959 /* ImageRequest.swift in Sources */,
				0597298E28350AA5004D695D /* RequestMethod.swift in Sources */,
				052D1EE128366F1E007A9EF1 /* MainTableViewController.swift in Sources */,
				056C52C528375D48004F764E /* MovieCardCell.swift in Sources */,
				0597299028350AB0004D695D /* ErrorResponse.swift in Sources */,
				0587CC68283618010055F019 /* Upcoming.swift in Sources */,
				0587CC66283617E70055F019 /* NowPlaying.swift in Sources */,
				059729722834C334004D695D /* MovieDetailsViewController.swift in Sources */,
				059729772834D2C9004D695D /* ActorCastCell.swift in Sources */,
				059729922835102F004D695D /* MoviesEndpoint.swift in Sources */,
				F8843921A39E26175E0A6994 /* UpcomingMovieViewModel.swift in Sources */,
				F8843D72E989DA56EDD9CDA0 /* ImageService.swift in Sources */,
				F88433233371B0F702A14602 /* MovieCastService.swift in Sources */,
				F88438537F5BB80377CCA20C /* Movie.swift in Sources */,
				F88437C9D44AE3699BDA750A /* Rating.swift in Sources */,
				F8843EF63237797A11CDC5D1 /* Cast.swift in Sources */,
				F88435C2883D58D93C0ADFD7 /* HollywoodActor.swift in Sources */,
			);
			runOnlyForDeploymentPostprocessing = 0;
		};
/* End PBXSourcesBuildPhase section */

/* Begin PBXVariantGroup section */
		056D83572833A26400155B9B /* LaunchScreen.storyboard */ = {
			isa = PBXVariantGroup;
			children = (
				056D83582833A26400155B9B /* Base */,
			);
			name = LaunchScreen.storyboard;
			sourceTree = "<group>";
		};
/* End PBXVariantGroup section */

/* Begin XCBuildConfiguration section */
		056D835B2833A26400155B9B /* Debug */ = {
			isa = XCBuildConfiguration;
			buildSettings = {
				ALWAYS_SEARCH_USER_PATHS = NO;
				CLANG_ANALYZER_NONNULL = YES;
				CLANG_ANALYZER_NUMBER_OBJECT_CONVERSION = YES_AGGRESSIVE;
				CLANG_CXX_LANGUAGE_STANDARD = "gnu++17";
				CLANG_ENABLE_MODULES = YES;
				CLANG_ENABLE_OBJC_ARC = YES;
				CLANG_ENABLE_OBJC_WEAK = YES;
				CLANG_WARN_BLOCK_CAPTURE_AUTORELEASING = YES;
				CLANG_WARN_BOOL_CONVERSION = YES;
				CLANG_WARN_COMMA = YES;
				CLANG_WARN_CONSTANT_CONVERSION = YES;
				CLANG_WARN_DEPRECATED_OBJC_IMPLEMENTATIONS = YES;
				CLANG_WARN_DIRECT_OBJC_ISA_USAGE = YES_ERROR;
				CLANG_WARN_DOCUMENTATION_COMMENTS = YES;
				CLANG_WARN_EMPTY_BODY = YES;
				CLANG_WARN_ENUM_CONVERSION = YES;
				CLANG_WARN_INFINITE_RECURSION = YES;
				CLANG_WARN_INT_CONVERSION = YES;
				CLANG_WARN_NON_LITERAL_NULL_CONVERSION = YES;
				CLANG_WARN_OBJC_IMPLICIT_RETAIN_SELF = YES;
				CLANG_WARN_OBJC_LITERAL_CONVERSION = YES;
				CLANG_WARN_OBJC_ROOT_CLASS = YES_ERROR;
				CLANG_WARN_QUOTED_INCLUDE_IN_FRAMEWORK_HEADER = YES;
				CLANG_WARN_RANGE_LOOP_ANALYSIS = YES;
				CLANG_WARN_STRICT_PROTOTYPES = YES;
				CLANG_WARN_SUSPICIOUS_MOVE = YES;
				CLANG_WARN_UNGUARDED_AVAILABILITY = YES_AGGRESSIVE;
				CLANG_WARN_UNREACHABLE_CODE = YES;
				CLANG_WARN__DUPLICATE_METHOD_MATCH = YES;
				COPY_PHASE_STRIP = NO;
				DEBUG_INFORMATION_FORMAT = dwarf;
				ENABLE_STRICT_OBJC_MSGSEND = YES;
				ENABLE_TESTABILITY = YES;
				GCC_C_LANGUAGE_STANDARD = gnu11;
				GCC_DYNAMIC_NO_PIC = NO;
				GCC_NO_COMMON_BLOCKS = YES;
				GCC_OPTIMIZATION_LEVEL = 0;
				GCC_PREPROCESSOR_DEFINITIONS = (
					"DEBUG=1",
					"$(inherited)",
				);
				GCC_WARN_64_TO_32_BIT_CONVERSION = YES;
				GCC_WARN_ABOUT_RETURN_TYPE = YES_ERROR;
				GCC_WARN_UNDECLARED_SELECTOR = YES;
				GCC_WARN_UNINITIALIZED_AUTOS = YES_AGGRESSIVE;
				GCC_WARN_UNUSED_FUNCTION = YES;
				GCC_WARN_UNUSED_VARIABLE = YES;
				IPHONEOS_DEPLOYMENT_TARGET = 15.4;
				MTL_ENABLE_DEBUG_INFO = INCLUDE_SOURCE;
				MTL_FAST_MATH = YES;
				ONLY_ACTIVE_ARCH = YES;
				SDKROOT = iphoneos;
				SWIFT_ACTIVE_COMPILATION_CONDITIONS = DEBUG;
				SWIFT_OPTIMIZATION_LEVEL = "-Onone";
			};
			name = Debug;
		};
		056D835C2833A26400155B9B /* Release */ = {
			isa = XCBuildConfiguration;
			buildSettings = {
				ALWAYS_SEARCH_USER_PATHS = NO;
				CLANG_ANALYZER_NONNULL = YES;
				CLANG_ANALYZER_NUMBER_OBJECT_CONVERSION = YES_AGGRESSIVE;
				CLANG_CXX_LANGUAGE_STANDARD = "gnu++17";
				CLANG_ENABLE_MODULES = YES;
				CLANG_ENABLE_OBJC_ARC = YES;
				CLANG_ENABLE_OBJC_WEAK = YES;
				CLANG_WARN_BLOCK_CAPTURE_AUTORELEASING = YES;
				CLANG_WARN_BOOL_CONVERSION = YES;
				CLANG_WARN_COMMA = YES;
				CLANG_WARN_CONSTANT_CONVERSION = YES;
				CLANG_WARN_DEPRECATED_OBJC_IMPLEMENTATIONS = YES;
				CLANG_WARN_DIRECT_OBJC_ISA_USAGE = YES_ERROR;
				CLANG_WARN_DOCUMENTATION_COMMENTS = YES;
				CLANG_WARN_EMPTY_BODY = YES;
				CLANG_WARN_ENUM_CONVERSION = YES;
				CLANG_WARN_INFINITE_RECURSION = YES;
				CLANG_WARN_INT_CONVERSION = YES;
				CLANG_WARN_NON_LITERAL_NULL_CONVERSION = YES;
				CLANG_WARN_OBJC_IMPLICIT_RETAIN_SELF = YES;
				CLANG_WARN_OBJC_LITERAL_CONVERSION = YES;
				CLANG_WARN_OBJC_ROOT_CLASS = YES_ERROR;
				CLANG_WARN_QUOTED_INCLUDE_IN_FRAMEWORK_HEADER = YES;
				CLANG_WARN_RANGE_LOOP_ANALYSIS = YES;
				CLANG_WARN_STRICT_PROTOTYPES = YES;
				CLANG_WARN_SUSPICIOUS_MOVE = YES;
				CLANG_WARN_UNGUARDED_AVAILABILITY = YES_AGGRESSIVE;
				CLANG_WARN_UNREACHABLE_CODE = YES;
				CLANG_WARN__DUPLICATE_METHOD_MATCH = YES;
				COPY_PHASE_STRIP = NO;
				DEBUG_INFORMATION_FORMAT = "dwarf-with-dsym";
				ENABLE_NS_ASSERTIONS = NO;
				ENABLE_STRICT_OBJC_MSGSEND = YES;
				GCC_C_LANGUAGE_STANDARD = gnu11;
				GCC_NO_COMMON_BLOCKS = YES;
				GCC_WARN_64_TO_32_BIT_CONVERSION = YES;
				GCC_WARN_ABOUT_RETURN_TYPE = YES_ERROR;
				GCC_WARN_UNDECLARED_SELECTOR = YES;
				GCC_WARN_UNINITIALIZED_AUTOS = YES_AGGRESSIVE;
				GCC_WARN_UNUSED_FUNCTION = YES;
				GCC_WARN_UNUSED_VARIABLE = YES;
				IPHONEOS_DEPLOYMENT_TARGET = 15.4;
				MTL_ENABLE_DEBUG_INFO = NO;
				MTL_FAST_MATH = YES;
				SDKROOT = iphoneos;
				SWIFT_COMPILATION_MODE = wholemodule;
				SWIFT_OPTIMIZATION_LEVEL = "-O";
				VALIDATE_PRODUCT = YES;
			};
			name = Release;
		};
		056D835E2833A26400155B9B /* Debug */ = {
			isa = XCBuildConfiguration;
			baseConfigurationReference = 95C7B6357A2237E237726F08 /* Pods-Movies.debug.xcconfig */;
			buildSettings = {
				ASSETCATALOG_COMPILER_APPICON_NAME = AppIcon;
				ASSETCATALOG_COMPILER_GLOBAL_ACCENT_COLOR_NAME = AccentColor;
				CODE_SIGN_STYLE = Automatic;
				CURRENT_PROJECT_VERSION = 1;
				GENERATE_INFOPLIST_FILE = YES;
				INFOPLIST_FILE = "Movies/Supporting Files/Info.plist";
				INFOPLIST_KEY_UIApplicationSupportsIndirectInputEvents = YES;
				INFOPLIST_KEY_UILaunchStoryboardName = LaunchScreen;
				INFOPLIST_KEY_UISupportedInterfaceOrientations_iPad = "UIInterfaceOrientationPortrait UIInterfaceOrientationPortraitUpsideDown UIInterfaceOrientationLandscapeLeft UIInterfaceOrientationLandscapeRight";
				INFOPLIST_KEY_UISupportedInterfaceOrientations_iPhone = "UIInterfaceOrientationPortrait UIInterfaceOrientationLandscapeLeft UIInterfaceOrientationLandscapeRight";
				LD_RUNPATH_SEARCH_PATHS = (
					"$(inherited)",
					"@executable_path/Frameworks",
				);
				MARKETING_VERSION = 1.0;
				PRODUCT_BUNDLE_IDENTIFIER = zlmnv.Movies;
				PRODUCT_NAME = "$(TARGET_NAME)";
				SWIFT_EMIT_LOC_STRINGS = YES;
				SWIFT_VERSION = 5.0;
				TARGETED_DEVICE_FAMILY = 1;
			};
			name = Debug;
		};
		056D835F2833A26400155B9B /* Release */ = {
			isa = XCBuildConfiguration;
			baseConfigurationReference = 452ADC7494940FD25420BFB9 /* Pods-Movies.release.xcconfig */;
			buildSettings = {
				ASSETCATALOG_COMPILER_APPICON_NAME = AppIcon;
				ASSETCATALOG_COMPILER_GLOBAL_ACCENT_COLOR_NAME = AccentColor;
				CODE_SIGN_STYLE = Automatic;
				CURRENT_PROJECT_VERSION = 1;
				GENERATE_INFOPLIST_FILE = YES;
				INFOPLIST_FILE = "Movies/Supporting Files/Info.plist";
				INFOPLIST_KEY_UIApplicationSupportsIndirectInputEvents = YES;
				INFOPLIST_KEY_UILaunchStoryboardName = LaunchScreen;
				INFOPLIST_KEY_UISupportedInterfaceOrientations_iPad = "UIInterfaceOrientationPortrait UIInterfaceOrientationPortraitUpsideDown UIInterfaceOrientationLandscapeLeft UIInterfaceOrientationLandscapeRight";
				INFOPLIST_KEY_UISupportedInterfaceOrientations_iPhone = "UIInterfaceOrientationPortrait UIInterfaceOrientationLandscapeLeft UIInterfaceOrientationLandscapeRight";
				LD_RUNPATH_SEARCH_PATHS = (
					"$(inherited)",
					"@executable_path/Frameworks",
				);
				MARKETING_VERSION = 1.0;
				PRODUCT_BUNDLE_IDENTIFIER = zlmnv.Movies;
				PRODUCT_NAME = "$(TARGET_NAME)";
				SWIFT_EMIT_LOC_STRINGS = YES;
				SWIFT_VERSION = 5.0;
				TARGETED_DEVICE_FAMILY = 1;
			};
			name = Release;
		};
/* End XCBuildConfiguration section */

/* Begin XCConfigurationList section */
		056D83442833A26300155B9B /* Build configuration list for PBXProject "Movies" */ = {
			isa = XCConfigurationList;
			buildConfigurations = (
				056D835B2833A26400155B9B /* Debug */,
				056D835C2833A26400155B9B /* Release */,
			);
			defaultConfigurationIsVisible = 0;
			defaultConfigurationName = Release;
		};
		056D835D2833A26400155B9B /* Build configuration list for PBXNativeTarget "Movies" */ = {
			isa = XCConfigurationList;
			buildConfigurations = (
				056D835E2833A26400155B9B /* Debug */,
				056D835F2833A26400155B9B /* Release */,
			);
			defaultConfigurationIsVisible = 0;
			defaultConfigurationName = Release;
		};
/* End XCConfigurationList section */
	};
	rootObject = 056D83412833A26300155B9B /* Project object */;
}
